
Microsoft Visual Studio Solution File, Format Version 12.00
# Visual Studio 15
VisualStudioVersion = 15.0.26228.9
MinimumVisualStudioVersion = 15.0.26228.4
Project("{2150E333-8FDC-42A3-9474-1A3956D46DE8}") = "samples", "samples", "{E05DCF88-F916-4B61-A5DC-A8344C9E2429}"
EndProject
Project("{2150E333-8FDC-42A3-9474-1A3956D46DE8}") = "src", "src", "{F9BA869A-7D5F-420F-9505-2D881F7934A7}"
EndProject
Project("{2150E333-8FDC-42A3-9474-1A3956D46DE8}") = "test", "test", "{EEADFA4C-4152-405D-BE04-9C62D4A5CFAC}"
EndProject
Project("{9A19103F-16F7-4668-BE54-9A1E7A4F7556}") = "Microsoft.Extensions.HealthChecks", "src\Microsoft.Extensions.HealthChecks\Microsoft.Extensions.HealthChecks.csproj", "{26A77B9A-5599-4BBA-8C5C-90DF1A4F4558}"
EndProject
Project("{9A19103F-16F7-4668-BE54-9A1E7A4F7556}") = "Microsoft.AspNetCore.HealthChecks", "src\Microsoft.AspNetCore.HealthChecks\Microsoft.AspNetCore.HealthChecks.csproj", "{A368FA9A-93C8-4F00-A098-E7EEC8462A96}"
EndProject
Project("{9A19103F-16F7-4668-BE54-9A1E7A4F7556}") = "SampleHealthChecker.AspNetCore", "samples\SampleHealthChecker.AspNetCore\SampleHealthChecker.AspNetCore.csproj", "{2074E1EA-8744-4FCB-B2A8-436623F6DF7A}"
EndProject
Project("{9A19103F-16F7-4668-BE54-9A1E7A4F7556}") = "Microsoft.Extensions.HealthChecks.Test", "test\Microsoft.Extensions.HealthChecks.Test\Microsoft.Extensions.HealthChecks.Test.csproj", "{D42D0337-8842-4284-A279-AFF9C2C082F2}"
EndProject
Global
	GlobalSection(SolutionConfigurationPlatforms) = preSolution
		Debug|Any CPU = Debug|Any CPU
		Release|Any CPU = Release|Any CPU
	EndGlobalSection
	GlobalSection(ProjectConfigurationPlatforms) = postSolution
		{26A77B9A-5599-4BBA-8C5C-90DF1A4F4558}.Debug|Any CPU.ActiveCfg = Debug|Any CPU
		{26A77B9A-5599-4BBA-8C5C-90DF1A4F4558}.Debug|Any CPU.Build.0 = Debug|Any CPU
		{26A77B9A-5599-4BBA-8C5C-90DF1A4F4558}.Release|Any CPU.ActiveCfg = Release|Any CPU
		{26A77B9A-5599-4BBA-8C5C-90DF1A4F4558}.Release|Any CPU.Build.0 = Release|Any CPU
		{A368FA9A-93C8-4F00-A098-E7EEC8462A96}.Debug|Any CPU.ActiveCfg = Debug|Any CPU
		{A368FA9A-93C8-4F00-A098-E7EEC8462A96}.Debug|Any CPU.Build.0 = Debug|Any CPU
		{A368FA9A-93C8-4F00-A098-E7EEC8462A96}.Release|Any CPU.ActiveCfg = Release|Any CPU
		{A368FA9A-93C8-4F00-A098-E7EEC8462A96}.Release|Any CPU.Build.0 = Release|Any CPU
		{2074E1EA-8744-4FCB-B2A8-436623F6DF7A}.Debug|Any CPU.ActiveCfg = Debug|Any CPU
		{2074E1EA-8744-4FCB-B2A8-436623F6DF7A}.Debug|Any CPU.Build.0 = Debug|Any CPU
		{2074E1EA-8744-4FCB-B2A8-436623F6DF7A}.Release|Any CPU.ActiveCfg = Release|Any CPU
		{2074E1EA-8744-4FCB-B2A8-436623F6DF7A}.Release|Any CPU.Build.0 = Release|Any CPU
		{D42D0337-8842-4284-A279-AFF9C2C082F2}.Debug|Any CPU.ActiveCfg = Debug|Any CPU
		{D42D0337-8842-4284-A279-AFF9C2C082F2}.Debug|Any CPU.Build.0 = Debug|Any CPU
		{D42D0337-8842-4284-A279-AFF9C2C082F2}.Release|Any CPU.ActiveCfg = Release|Any CPU
		{D42D0337-8842-4284-A279-AFF9C2C082F2}.Release|Any CPU.Build.0 = Release|Any CPU
	EndGlobalSection
	GlobalSection(SolutionProperties) = preSolution
		HideSolutionNode = FALSE
	EndGlobalSection
	GlobalSection(NestedProjects) = preSolution
		{26A77B9A-5599-4BBA-8C5C-90DF1A4F4558} = {F9BA869A-7D5F-420F-9505-2D881F7934A7}
		{A368FA9A-93C8-4F00-A098-E7EEC8462A96} = {F9BA869A-7D5F-420F-9505-2D881F7934A7}
		{2074E1EA-8744-4FCB-B2A8-436623F6DF7A} = {E05DCF88-F916-4B61-A5DC-A8344C9E2429}
		{D42D0337-8842-4284-A279-AFF9C2C082F2} = {EEADFA4C-4152-405D-BE04-9C62D4A5CFAC}
	EndGlobalSection
	GlobalSection(ExtensibilityGlobals) = postSolution
		SolutionGuid = {D287D310-D8AC-4BBF-A5F8-BCF3DB6DB4CE}
	EndGlobalSection
EndGlobal
